
Microsoft Visual Studio Solution File, Format Version 12.00
# Visual Studio 15
VisualStudioVersion = 15.0.28307.1022
MinimumVisualStudioVersion = 10.0.40219.1
Project("{8BC9CEB8-8B4A-11D0-8D11-00A0C91BC942}") = "doMin", "doMin\doMin.vcxproj", "{0E3BB8A6-D719-4484-9081-3497EBB85757}"
EndProject
Global
	GlobalSection(SolutionConfigurationPlatforms) = preSolution
		Debug|x64 = Debug|x64
		Debug|x86 = Debug|x86
		Release|x64 = Release|x64
		Release|x86 = Release|x86
	EndGlobalSection
	GlobalSection(ProjectConfigurationPlatforms) = postSolution
		{0E3BB8A6-D719-4484-9081-3497EBB85757}.Debug|x64.ActiveCfg = Debug|x64
		{0E3BB8A6-D719-4484-9081-3497EBB85757}.Debug|x64.Build.0 = Debug|x64
		{0E3BB8A6-D719-4484-9081-3497EBB85757}.Debug|x86.ActiveCfg = Debug|Win32
		{0E3BB8A6-D719-4484-9081-3497EBB85757}.Debug|x86.Build.0 = Debug|Win32
		{0E3BB8A6-D719-4484-9081-3497EBB85757}.Release|x64.ActiveCfg = Release|x64
		{0E3BB8A6-D719-4484-9081-3497EBB85757}.Release|x64.Build.0 = Release|x64
		{0E3BB8A6-D719-4484-9081-3497EBB85757}.Release|x86.ActiveCfg = Release|Win32
		{0E3BB8A6-D719-4484-9081-3497EBB85757}.Release|x86.Build.0 = Release|Win32
	EndGlobalSection
	GlobalSection(SolutionProperties) = preSolution
		HideSolutionNode = FALSE
	EndGlobalSection
	GlobalSection(ExtensibilityGlobals) = postSolution
		SolutionGuid = {10BF39DC-69DA-4383-A3F9-A1EA6E2644C4}
	EndGlobalSection
EndGlobal
